
Microsoft Visual Studio Solution File, Format Version 12.00
# Visual Studio Version 17
VisualStudioVersion = 17.7.34003.232
MinimumVisualStudioVersion = 10.0.40219.1
Project("{9A19103F-16F7-4668-BE54-9A1E7A4F7556}") = "Expenses.WebAPI", "Expenses.WebAPI\Expenses.WebAPI.csproj", "{66CD5EF2-8F63-4D97-98AB-70BC297DAFC1}"
EndProject
Project("{9A19103F-16F7-4668-BE54-9A1E7A4F7556}") = "Expenses.DB", "Expenses.DB\Expenses.DB.csproj", "{9BCCDF01-ECD3-44CF-8AEF-B8A90EAEE339}"
EndProject
Project("{FAE04EC0-301F-11D3-BF4B-00C04F79EFBC}") = "Expenses.Core", "Expenses.Core\Expenses.Core.csproj", "{B823F8FD-CAD8-46EB-BE3B-90F4712D38E5}"
EndProject
Global
	GlobalSection(SolutionConfigurationPlatforms) = preSolution
		Debug|Any CPU = Debug|Any CPU
		Release|Any CPU = Release|Any CPU
	EndGlobalSection
	GlobalSection(ProjectConfigurationPlatforms) = postSolution
		{66CD5EF2-8F63-4D97-98AB-70BC297DAFC1}.Debug|Any CPU.ActiveCfg = Debug|Any CPU
		{66CD5EF2-8F63-4D97-98AB-70BC297DAFC1}.Debug|Any CPU.Build.0 = Debug|Any CPU
		{66CD5EF2-8F63-4D97-98AB-70BC297DAFC1}.Release|Any CPU.ActiveCfg = Release|Any CPU
		{66CD5EF2-8F63-4D97-98AB-70BC297DAFC1}.Release|Any CPU.Build.0 = Release|Any CPU
		{9BCCDF01-ECD3-44CF-8AEF-B8A90EAEE339}.Debug|Any CPU.ActiveCfg = Debug|Any CPU
		{9BCCDF01-ECD3-44CF-8AEF-B8A90EAEE339}.Debug|Any CPU.Build.0 = Debug|Any CPU
		{9BCCDF01-ECD3-44CF-8AEF-B8A90EAEE339}.Release|Any CPU.ActiveCfg = Release|Any CPU
		{9BCCDF01-ECD3-44CF-8AEF-B8A90EAEE339}.Release|Any CPU.Build.0 = Release|Any CPU
		{B823F8FD-CAD8-46EB-BE3B-90F4712D38E5}.Debug|Any CPU.ActiveCfg = Debug|Any CPU
		{B823F8FD-CAD8-46EB-BE3B-90F4712D38E5}.Debug|Any CPU.Build.0 = Debug|Any CPU
		{B823F8FD-CAD8-46EB-BE3B-90F4712D38E5}.Release|Any CPU.ActiveCfg = Release|Any CPU
		{B823F8FD-CAD8-46EB-BE3B-90F4712D38E5}.Release|Any CPU.Build.0 = Release|Any CPU
	EndGlobalSection
	GlobalSection(SolutionProperties) = preSolution
		HideSolutionNode = FALSE
	EndGlobalSection
	GlobalSection(ExtensibilityGlobals) = postSolution
		SolutionGuid = {E93E4FF3-67D3-4F5C-B083-58DAC328811F}
	EndGlobalSection
EndGlobal
